
Microsoft Visual Studio Solution File, Format Version 12.00
# Visual Studio 15
VisualStudioVersion = 15.0.27703.2042
MinimumVisualStudioVersion = 10.0.40219.1
Project("{FAE04EC0-301F-11D3-BF4B-00C04F79EFBC}") = "ScriptSDK.SantiagoUO.Utilities", "ScriptSDK.SantiagoUO.Utilities\ScriptSDK.SantiagoUO.Utilities.csproj", "{83AB3ECB-8574-4585-86A9-473CD6BA6C75}"
	ProjectSection(ProjectDependencies) = postProject
		{1809DE0B-5DAC-4F89-A5A3-601912B9EAB1} = {1809DE0B-5DAC-4F89-A5A3-601912B9EAB1}
	EndProjectSection
EndProject
Project("{FAE04EC0-301F-11D3-BF4B-00C04F79EFBC}") = "ScriptSDK", "ScriptSDK\ScriptSDK\ScriptSDK.csproj", "{1809DE0B-5DAC-4F89-A5A3-601912B9EAB1}"
EndProject
Project("{FAE04EC0-301F-11D3-BF4B-00C04F79EFBC}") = "ScriptSDK.SantiagoUO.RaillessLumberjacking", "ScriptSDK.SantiagoUO.RaillessLumberjacking\ScriptSDK.SantiagoUO.RaillessLumberjacking.csproj", "{EA5A7B5C-9371-40BB-8709-CE317244036F}"
	ProjectSection(ProjectDependencies) = postProject
		{1809DE0B-5DAC-4F89-A5A3-601912B9EAB1} = {1809DE0B-5DAC-4F89-A5A3-601912B9EAB1}
		{83AB3ECB-8574-4585-86A9-473CD6BA6C75} = {83AB3ECB-8574-4585-86A9-473CD6BA6C75}
	EndProjectSection
EndProject
Project("{FAE04EC0-301F-11D3-BF4B-00C04F79EFBC}") = "ScriptSDK.SantiagoUO.Stealth", "ScriptSDK.SantiagoUO.Stealth\ScriptSDK.SantiagoUO.Stealth.csproj", "{403CE138-CBAF-4A90-9191-E32D5F448828}"
	ProjectSection(ProjectDependencies) = postProject
		{1809DE0B-5DAC-4F89-A5A3-601912B9EAB1} = {1809DE0B-5DAC-4F89-A5A3-601912B9EAB1}
		{83AB3ECB-8574-4585-86A9-473CD6BA6C75} = {83AB3ECB-8574-4585-86A9-473CD6BA6C75}
	EndProjectSection
EndProject
Project("{FAE04EC0-301F-11D3-BF4B-00C04F79EFBC}") = "ScriptSDK.SantiagoUO.Hiding", "ScriptSDK.SantiagoUO.Hiding\ScriptSDK.SantiagoUO.Hiding.csproj", "{859B7BAD-9855-49D6-A0E9-83AB774AAFF7}"
	ProjectSection(ProjectDependencies) = postProject
		{1809DE0B-5DAC-4F89-A5A3-601912B9EAB1} = {1809DE0B-5DAC-4F89-A5A3-601912B9EAB1}
		{83AB3ECB-8574-4585-86A9-473CD6BA6C75} = {83AB3ECB-8574-4585-86A9-473CD6BA6C75}
	EndProjectSection
EndProject
Project("{FAE04EC0-301F-11D3-BF4B-00C04F79EFBC}") = "ScriptSDK.SantiagoUO.Tracking", "ScriptSDK.SantiagoUO.Tracking\ScriptSDK.SantiagoUO.Tracking.csproj", "{21627314-8C22-40C0-AF32-E81E88A7142E}"
	ProjectSection(ProjectDependencies) = postProject
		{1809DE0B-5DAC-4F89-A5A3-601912B9EAB1} = {1809DE0B-5DAC-4F89-A5A3-601912B9EAB1}
		{83AB3ECB-8574-4585-86A9-473CD6BA6C75} = {83AB3ECB-8574-4585-86A9-473CD6BA6C75}
	EndProjectSection
EndProject
Project("{FAE04EC0-301F-11D3-BF4B-00C04F79EFBC}") = "ScriptSDK.SantiagoUO.Anatomy", "ScriptSDK.SantiagoUO.Anatomy\ScriptSDK.SantiagoUO.Anatomy.csproj", "{B13FADBC-5277-4C1A-9A26-8C47BFE0E604}"
	ProjectSection(ProjectDependencies) = postProject
		{1809DE0B-5DAC-4F89-A5A3-601912B9EAB1} = {1809DE0B-5DAC-4F89-A5A3-601912B9EAB1}
		{83AB3ECB-8574-4585-86A9-473CD6BA6C75} = {83AB3ECB-8574-4585-86A9-473CD6BA6C75}
	EndProjectSection
EndProject
Project("{FAE04EC0-301F-11D3-BF4B-00C04F79EFBC}") = "ScriptSDK.SantiagoUO.RaillessMining", "ScriptSDK.SantiagoUO.RaillessMining\ScriptSDK.SantiagoUO.RaillessMining.csproj", "{07B2BE6A-2AF7-448B-8346-618C4525909D}"
	ProjectSection(ProjectDependencies) = postProject
		{1809DE0B-5DAC-4F89-A5A3-601912B9EAB1} = {1809DE0B-5DAC-4F89-A5A3-601912B9EAB1}
		{83AB3ECB-8574-4585-86A9-473CD6BA6C75} = {83AB3ECB-8574-4585-86A9-473CD6BA6C75}
	EndProjectSection
EndProject
Project("{FAE04EC0-301F-11D3-BF4B-00C04F79EFBC}") = "ScriptSDK.SantiagoUO.EvaluatingIntelligence", "ScriptSDK.SantiagoUO.EvaluatingIntelligence\ScriptSDK.SantiagoUO.EvaluatingIntelligence.csproj", "{FBC01F2C-8DAA-4A50-B49D-2C7C1BF8E91B}"
	ProjectSection(ProjectDependencies) = postProject
		{1809DE0B-5DAC-4F89-A5A3-601912B9EAB1} = {1809DE0B-5DAC-4F89-A5A3-601912B9EAB1}
		{83AB3ECB-8574-4585-86A9-473CD6BA6C75} = {83AB3ECB-8574-4585-86A9-473CD6BA6C75}
	EndProjectSection
EndProject
Project("{FAE04EC0-301F-11D3-BF4B-00C04F79EFBC}") = "ScriptSDK.SantiagoUO.ArmsLore", "ScriptSDK.SantiagoUO.ArmsLore\ScriptSDK.SantiagoUO.ArmsLore.csproj", "{C0690AA3-E330-4813-A799-9AD31E5BD0C0}"
	ProjectSection(ProjectDependencies) = postProject
		{1809DE0B-5DAC-4F89-A5A3-601912B9EAB1} = {1809DE0B-5DAC-4F89-A5A3-601912B9EAB1}
		{83AB3ECB-8574-4585-86A9-473CD6BA6C75} = {83AB3ECB-8574-4585-86A9-473CD6BA6C75}
	EndProjectSection
EndProject
Project("{FAE04EC0-301F-11D3-BF4B-00C04F79EFBC}") = "ScriptSDK.SantiagoUO.ProxyInfo", "ScriptSDK.SantiagoUO.ProxyInfo\ScriptSDK.SantiagoUO.ProxyInfo.csproj", "{1402CD5B-5DF4-4FF6-A1E7-DB8FDA3BCB5A}"
	ProjectSection(ProjectDependencies) = postProject
		{1809DE0B-5DAC-4F89-A5A3-601912B9EAB1} = {1809DE0B-5DAC-4F89-A5A3-601912B9EAB1}
		{83AB3ECB-8574-4585-86A9-473CD6BA6C75} = {83AB3ECB-8574-4585-86A9-473CD6BA6C75}
	EndProjectSection
EndProject
Project("{FAE04EC0-301F-11D3-BF4B-00C04F79EFBC}") = "ScriptSDK.SantiagoUO.DetectHidden", "ScriptSDK.SantiagoUO.DetectHidden\ScriptSDK.SantiagoUO.DetectHidden.csproj", "{FD8618E4-CBB0-41C3-A21D-A09454C25134}"
	ProjectSection(ProjectDependencies) = postProject
		{1809DE0B-5DAC-4F89-A5A3-601912B9EAB1} = {1809DE0B-5DAC-4F89-A5A3-601912B9EAB1}
		{83AB3ECB-8574-4585-86A9-473CD6BA6C75} = {83AB3ECB-8574-4585-86A9-473CD6BA6C75}
	EndProjectSection
EndProject
Project("{FAE04EC0-301F-11D3-BF4B-00C04F79EFBC}") = "ScriptSDK.SantiagoUO.ItemIdentification", "ScriptSDK.SantiagoUO.ItemIdentification\ScriptSDK.SantiagoUO.ItemIdentification.csproj", "{23F87600-5B2A-455E-9825-7B8130CA68DF}"
	ProjectSection(ProjectDependencies) = postProject
		{1809DE0B-5DAC-4F89-A5A3-601912B9EAB1} = {1809DE0B-5DAC-4F89-A5A3-601912B9EAB1}
		{83AB3ECB-8574-4585-86A9-473CD6BA6C75} = {83AB3ECB-8574-4585-86A9-473CD6BA6C75}
	EndProjectSection
EndProject
Project("{2150E333-8FDC-42A3-9474-1A3956D46DE8}") = "Skill Trainer", "Skill Trainer", "{71A13E83-05FC-4069-BC68-F27EEACAC31F}"
EndProject
Project("{2150E333-8FDC-42A3-9474-1A3956D46DE8}") = "Resources Gathering", "Resources Gathering", "{EC0E4D3D-7966-45D3-AC6F-86A50E34E922}"
EndProject
Project("{2150E333-8FDC-42A3-9474-1A3956D46DE8}") = "Crafting", "Crafting", "{4FE809CC-9A70-4C99-839B-BD4948F82C6B}"
EndProject
Global
	GlobalSection(SolutionConfigurationPlatforms) = preSolution
		Debug|Any CPU = Debug|Any CPU
		Release|Any CPU = Release|Any CPU
	EndGlobalSection
	GlobalSection(ProjectConfigurationPlatforms) = postSolution
		{83AB3ECB-8574-4585-86A9-473CD6BA6C75}.Debug|Any CPU.ActiveCfg = Debug|Any CPU
		{83AB3ECB-8574-4585-86A9-473CD6BA6C75}.Debug|Any CPU.Build.0 = Debug|Any CPU
		{83AB3ECB-8574-4585-86A9-473CD6BA6C75}.Release|Any CPU.ActiveCfg = Release|Any CPU
		{83AB3ECB-8574-4585-86A9-473CD6BA6C75}.Release|Any CPU.Build.0 = Release|Any CPU
		{1809DE0B-5DAC-4F89-A5A3-601912B9EAB1}.Debug|Any CPU.ActiveCfg = Debug|Any CPU
		{1809DE0B-5DAC-4F89-A5A3-601912B9EAB1}.Debug|Any CPU.Build.0 = Debug|Any CPU
		{1809DE0B-5DAC-4F89-A5A3-601912B9EAB1}.Release|Any CPU.ActiveCfg = Release|Any CPU
		{1809DE0B-5DAC-4F89-A5A3-601912B9EAB1}.Release|Any CPU.Build.0 = Release|Any CPU
		{EA5A7B5C-9371-40BB-8709-CE317244036F}.Debug|Any CPU.ActiveCfg = Debug|Any CPU
		{EA5A7B5C-9371-40BB-8709-CE317244036F}.Debug|Any CPU.Build.0 = Debug|Any CPU
		{EA5A7B5C-9371-40BB-8709-CE317244036F}.Release|Any CPU.ActiveCfg = Release|Any CPU
		{EA5A7B5C-9371-40BB-8709-CE317244036F}.Release|Any CPU.Build.0 = Release|Any CPU
		{403CE138-CBAF-4A90-9191-E32D5F448828}.Debug|Any CPU.ActiveCfg = Debug|Any CPU
		{403CE138-CBAF-4A90-9191-E32D5F448828}.Debug|Any CPU.Build.0 = Debug|Any CPU
		{403CE138-CBAF-4A90-9191-E32D5F448828}.Release|Any CPU.ActiveCfg = Release|Any CPU
		{403CE138-CBAF-4A90-9191-E32D5F448828}.Release|Any CPU.Build.0 = Release|Any CPU
		{859B7BAD-9855-49D6-A0E9-83AB774AAFF7}.Debug|Any CPU.ActiveCfg = Debug|Any CPU
		{859B7BAD-9855-49D6-A0E9-83AB774AAFF7}.Debug|Any CPU.Build.0 = Debug|Any CPU
		{859B7BAD-9855-49D6-A0E9-83AB774AAFF7}.Release|Any CPU.ActiveCfg = Release|Any CPU
		{859B7BAD-9855-49D6-A0E9-83AB774AAFF7}.Release|Any CPU.Build.0 = Release|Any CPU
		{21627314-8C22-40C0-AF32-E81E88A7142E}.Debug|Any CPU.ActiveCfg = Debug|Any CPU
		{21627314-8C22-40C0-AF32-E81E88A7142E}.Debug|Any CPU.Build.0 = Debug|Any CPU
		{21627314-8C22-40C0-AF32-E81E88A7142E}.Release|Any CPU.ActiveCfg = Release|Any CPU
		{21627314-8C22-40C0-AF32-E81E88A7142E}.Release|Any CPU.Build.0 = Release|Any CPU
		{B13FADBC-5277-4C1A-9A26-8C47BFE0E604}.Debug|Any CPU.ActiveCfg = Debug|Any CPU
		{B13FADBC-5277-4C1A-9A26-8C47BFE0E604}.Debug|Any CPU.Build.0 = Debug|Any CPU
		{B13FADBC-5277-4C1A-9A26-8C47BFE0E604}.Release|Any CPU.ActiveCfg = Release|Any CPU
		{B13FADBC-5277-4C1A-9A26-8C47BFE0E604}.Release|Any CPU.Build.0 = Release|Any CPU
		{07B2BE6A-2AF7-448B-8346-618C4525909D}.Debug|Any CPU.ActiveCfg = Debug|Any CPU
		{07B2BE6A-2AF7-448B-8346-618C4525909D}.Debug|Any CPU.Build.0 = Debug|Any CPU
		{07B2BE6A-2AF7-448B-8346-618C4525909D}.Release|Any CPU.ActiveCfg = Release|Any CPU
		{07B2BE6A-2AF7-448B-8346-618C4525909D}.Release|Any CPU.Build.0 = Release|Any CPU
		{FBC01F2C-8DAA-4A50-B49D-2C7C1BF8E91B}.Debug|Any CPU.ActiveCfg = Debug|Any CPU
		{FBC01F2C-8DAA-4A50-B49D-2C7C1BF8E91B}.Debug|Any CPU.Build.0 = Debug|Any CPU
		{FBC01F2C-8DAA-4A50-B49D-2C7C1BF8E91B}.Release|Any CPU.ActiveCfg = Release|Any CPU
		{FBC01F2C-8DAA-4A50-B49D-2C7C1BF8E91B}.Release|Any CPU.Build.0 = Release|Any CPU
		{C0690AA3-E330-4813-A799-9AD31E5BD0C0}.Debug|Any CPU.ActiveCfg = Debug|Any CPU
		{C0690AA3-E330-4813-A799-9AD31E5BD0C0}.Debug|Any CPU.Build.0 = Debug|Any CPU
		{C0690AA3-E330-4813-A799-9AD31E5BD0C0}.Release|Any CPU.ActiveCfg = Release|Any CPU
		{C0690AA3-E330-4813-A799-9AD31E5BD0C0}.Release|Any CPU.Build.0 = Release|Any CPU
		{1402CD5B-5DF4-4FF6-A1E7-DB8FDA3BCB5A}.Debug|Any CPU.ActiveCfg = Debug|Any CPU
		{1402CD5B-5DF4-4FF6-A1E7-DB8FDA3BCB5A}.Debug|Any CPU.Build.0 = Debug|Any CPU
		{1402CD5B-5DF4-4FF6-A1E7-DB8FDA3BCB5A}.Release|Any CPU.ActiveCfg = Release|Any CPU
		{1402CD5B-5DF4-4FF6-A1E7-DB8FDA3BCB5A}.Release|Any CPU.Build.0 = Release|Any CPU
		{FD8618E4-CBB0-41C3-A21D-A09454C25134}.Debug|Any CPU.ActiveCfg = Debug|Any CPU
		{FD8618E4-CBB0-41C3-A21D-A09454C25134}.Debug|Any CPU.Build.0 = Debug|Any CPU
		{FD8618E4-CBB0-41C3-A21D-A09454C25134}.Release|Any CPU.ActiveCfg = Release|Any CPU
		{FD8618E4-CBB0-41C3-A21D-A09454C25134}.Release|Any CPU.Build.0 = Release|Any CPU
		{23F87600-5B2A-455E-9825-7B8130CA68DF}.Debug|Any CPU.ActiveCfg = Debug|Any CPU
		{23F87600-5B2A-455E-9825-7B8130CA68DF}.Debug|Any CPU.Build.0 = Debug|Any CPU
		{23F87600-5B2A-455E-9825-7B8130CA68DF}.Release|Any CPU.ActiveCfg = Release|Any CPU
		{23F87600-5B2A-455E-9825-7B8130CA68DF}.Release|Any CPU.Build.0 = Release|Any CPU
	EndGlobalSection
	GlobalSection(SolutionProperties) = preSolution
		HideSolutionNode = FALSE
	EndGlobalSection
	GlobalSection(NestedProjects) = preSolution
		{EA5A7B5C-9371-40BB-8709-CE317244036F} = {EC0E4D3D-7966-45D3-AC6F-86A50E34E922}
		{403CE138-CBAF-4A90-9191-E32D5F448828} = {71A13E83-05FC-4069-BC68-F27EEACAC31F}
		{859B7BAD-9855-49D6-A0E9-83AB774AAFF7} = {71A13E83-05FC-4069-BC68-F27EEACAC31F}
		{21627314-8C22-40C0-AF32-E81E88A7142E} = {71A13E83-05FC-4069-BC68-F27EEACAC31F}
		{B13FADBC-5277-4C1A-9A26-8C47BFE0E604} = {71A13E83-05FC-4069-BC68-F27EEACAC31F}
		{07B2BE6A-2AF7-448B-8346-618C4525909D} = {EC0E4D3D-7966-45D3-AC6F-86A50E34E922}
		{FBC01F2C-8DAA-4A50-B49D-2C7C1BF8E91B} = {71A13E83-05FC-4069-BC68-F27EEACAC31F}
		{C0690AA3-E330-4813-A799-9AD31E5BD0C0} = {71A13E83-05FC-4069-BC68-F27EEACAC31F}
		{FD8618E4-CBB0-41C3-A21D-A09454C25134} = {71A13E83-05FC-4069-BC68-F27EEACAC31F}
		{23F87600-5B2A-455E-9825-7B8130CA68DF} = {71A13E83-05FC-4069-BC68-F27EEACAC31F}
	EndGlobalSection
	GlobalSection(ExtensibilityGlobals) = postSolution
		SolutionGuid = {A51E3A2A-7CC1-40C2-9B60-CA62F1696677}
	EndGlobalSection
EndGlobal
